// !$*UTF8*$!
{
	archiveVersion = 1;
	classes = {
	};
	objectVersion = 46;
	objects = {

/* Begin PBXBuildFile section */
		6080C9C71D585C62001DDE4F /* main.m in Sources */ = {isa = PBXBuildFile; fileRef = 6080C9C61D585C62001DDE4F /* main.m */; };
		6080C9CA1D585C62001DDE4F /* AppDelegate.m in Sources */ = {isa = PBXBuildFile; fileRef = 6080C9C91D585C62001DDE4F /* AppDelegate.m */; };
		6080C9CD1D585C62001DDE4F /* ViewController.m in Sources */ = {isa = PBXBuildFile; fileRef = 6080C9CC1D585C62001DDE4F /* ViewController.m */; };
		6080C9D01D585C62001DDE4F /* Main.storyboard in Resources */ = {isa = PBXBuildFile; fileRef = 6080C9CE1D585C62001DDE4F /* Main.storyboard */; };
		6080C9D21D585C62001DDE4F /* Assets.xcassets in Resources */ = {isa = PBXBuildFile; fileRef = 6080C9D11D585C62001DDE4F /* Assets.xcassets */; };
		6080C9D51D585C62001DDE4F /* LaunchScreen.storyboard in Resources */ = {isa = PBXBuildFile; fileRef = 6080C9D31D585C62001DDE4F /* LaunchScreen.storyboard */; };
		6080C9E01D585C62001DDE4F /* DemoTests.m in Sources */ = {isa = PBXBuildFile; fileRef = 6080C9DF1D585C62001DDE4F /* DemoTests.m */; };
		6080C9EB1D585C62001DDE4F /* DemoUITests.m in Sources */ = {isa = PBXBuildFile; fileRef = 6080C9EA1D585C62001DDE4F /* DemoUITests.m */; };
		6080CA051D586128001DDE4F /* a.jpg in Resources */ = {isa = PBXBuildFile; fileRef = 6080CA001D586128001DDE4F /* a.jpg */; };
		6080CA061D586128001DDE4F /* ccc.png in Resources */ = {isa = PBXBuildFile; fileRef = 6080CA011D586128001DDE4F /* ccc.png */; };
		6080CA071D586128001DDE4F /* ddd.png in Resources */ = {isa = PBXBuildFile; fileRef = 6080CA021D586128001DDE4F /* ddd.png */; };
		6080CA081D586128001DDE4F /* eee.png in Resources */ = {isa = PBXBuildFile; fileRef = 6080CA031D586128001DDE4F /* eee.png */; };
		6080CA091D586128001DDE4F /* fff.png in Resources */ = {isa = PBXBuildFile; fileRef = 6080CA041D586128001DDE4F /* fff.png */; };
		6080CA0B1D5865EE001DDE4F /* z.png in Resources */ = {isa = PBXBuildFile; fileRef = 6080CA0A1D5865EE001DDE4F /* z.png */; };
		6080CA151D587FE2001DDE4F /* DYYFloatWindow.m in Sources */ = {isa = PBXBuildFile; fileRef = 6080CA141D587FE2001DDE4F /* DYYFloatWindow.m */; };
/* End PBXBuildFile section */

/* Begin PBXContainerItemProxy section */
		6080C9DC1D585C62001DDE4F /* PBXContainerItemProxy */ = {
			isa = PBXContainerItemProxy;
			containerPortal = 6080C9BA1D585C62001DDE4F /* Project object */;
			proxyType = 1;
			remoteGlobalIDString = 6080C9C11D585C62001DDE4F;
			remoteInfo = Demo;
		};
		6080C9E71D585C62001DDE4F /* PBXContainerItemProxy */ = {
			isa = PBXContainerItemProxy;
			containerPortal = 6080C9BA1D585C62001DDE4F /* Project object */;
			proxyType = 1;
			remoteGlobalIDString = 6080C9C11D585C62001DDE4F;
			remoteInfo = Demo;
		};
/* End PBXContainerItemProxy section */

/* Begin PBXFileReference section */
		6080C9C21D585C62001DDE4F /* Demo.app */ = {isa = PBXFileReference; explicitFileType = wrapper.application; includeInIndex = 0; path = Demo.app; sourceTree = BUILT_PRODUCTS_DIR; };
		6080C9C61D585C62001DDE4F /* main.m */ = {isa = PBXFileReference; lastKnownFileType = sourcecode.c.objc; path = main.m; sourceTree = "<group>"; };
		6080C9C81D585C62001DDE4F /* AppDelegate.h */ = {isa = PBXFileReference; lastKnownFileType = sourcecode.c.h; path = AppDelegate.h; sourceTree = "<group>"; };
		6080C9C91D585C62001DDE4F /* AppDelegate.m */ = {isa = PBXFileReference; lastKnownFileType = sourcecode.c.objc; path = AppDelegate.m; sourceTree = "<group>"; };
		6080C9CB1D585C62001DDE4F /* ViewController.h */ = {isa = PBXFileReference; lastKnownFileType = sourcecode.c.h; path = ViewController.h; sourceTree = "<group>"; };
		6080C9CC1D585C62001DDE4F /* ViewController.m */ = {isa = PBXFileReference; lastKnownFileType = sourcecode.c.objc; path = ViewController.m; sourceTree = "<group>"; };
		6080C9CF1D585C62001DDE4F /* Base */ = {isa = PBXFileReference; lastKnownFileType = file.storyboard; name = Base; path = Base.lproj/Main.storyboard; sourceTree = "<group>"; };
		6080C9D11D585C62001DDE4F /* Assets.xcassets */ = {isa = PBXFileReference; lastKnownFileType = folder.assetcatalog; path = Assets.xcassets; sourceTree = "<group>"; };
		6080C9D41D585C62001DDE4F /* Base */ = {isa = PBXFileReference; lastKnownFileType = file.storyboard; name = Base; path = Base.lproj/LaunchScreen.storyboard; sourceTree = "<group>"; };
		6080C9D61D585C62001DDE4F /* Info.plist */ = {isa = PBXFileReference; lastKnownFileType = text.plist.xml; path = Info.plist; sourceTree = "<group>"; };
		6080C9DB1D585C62001DDE4F /* DemoTests.xctest */ = {isa = PBXFileReference; explicitFileType = wrapper.cfbundle; includeInIndex = 0; path = DemoTests.xctest; sourceTree = BUILT_PRODUCTS_DIR; };
		6080C9DF1D585C62001DDE4F /* DemoTests.m */ = {isa = PBXFileReference; lastKnownFileType = sourcecode.c.objc; path = DemoTests.m; sourceTree = "<group>"; };
		6080C9E11D585C62001DDE4F /* Info.plist */ = {isa = PBXFileReference; lastKnownFileType = text.plist.xml; path = Info.plist; sourceTree = "<group>"; };
		6080C9E61D585C62001DDE4F /* DemoUITests.xctest */ = {isa = PBXFileReference; explicitFileType = wrapper.cfbundle; includeInIndex = 0; path = DemoUITests.xctest; sourceTree = BUILT_PRODUCTS_DIR; };
		6080C9EA1D585C62001DDE4F /* DemoUITests.m */ = {isa = PBXFileReference; lastKnownFileType = sourcecode.c.objc; path = DemoUITests.m; sourceTree = "<group>"; };
		6080C9EC1D585C62001DDE4F /* Info.plist */ = {isa = PBXFileReference; lastKnownFileType = text.plist.xml; path = Info.plist; sourceTree = "<group>"; };
		6080CA001D586128001DDE4F /* a.jpg */ = {isa = PBXFileReference; lastKnownFileType = image.jpeg; path = a.jpg; sourceTree = "<group>"; };
		6080CA011D586128001DDE4F /* ccc.png */ = {isa = PBXFileReference; lastKnownFileType = image.png; path = ccc.png; sourceTree = "<group>"; };
		6080CA021D586128001DDE4F /* ddd.png */ = {isa = PBXFileReference; lastKnownFileType = image.png; path = ddd.png; sourceTree = "<group>"; };
		6080CA031D586128001DDE4F /* eee.png */ = {isa = PBXFileReference; lastKnownFileType = image.png; path = eee.png; sourceTree = "<group>"; };
		6080CA041D586128001DDE4F /* fff.png */ = {isa = PBXFileReference; lastKnownFileType = image.png; path = fff.png; sourceTree = "<group>"; };
		6080CA0A1D5865EE001DDE4F /* z.png */ = {isa = PBXFileReference; lastKnownFileType = image.png; path = z.png; sourceTree = "<group>"; };
		6080CA131D587FE2001DDE4F /* DYYFloatWindow.h */ = {isa = PBXFileReference; fileEncoding = 4; lastKnownFileType = sourcecode.c.h; path = DYYFloatWindow.h; sourceTree = "<group>"; };
		6080CA141D587FE2001DDE4F /* DYYFloatWindow.m */ = {isa = PBXFileReference; fileEncoding = 4; lastKnownFileType = sourcecode.c.objc; path = DYYFloatWindow.m; sourceTree = "<group>"; };
/* End PBXFileReference section */

/* Begin PBXFrameworksBuildPhase section */
		6080C9BF1D585C62001DDE4F /* Frameworks */ = {
			isa = PBXFrameworksBuildPhase;
			buildActionMask = 2147483647;
			files = (
			);
			runOnlyForDeploymentPostprocessing = 0;
		};
		6080C9D81D585C62001DDE4F /* Frameworks */ = {
			isa = PBXFrameworksBuildPhase;
			buildActionMask = 2147483647;
			files = (
			);
			runOnlyForDeploymentPostprocessing = 0;
		};
		6080C9E31D585C62001DDE4F /* Frameworks */ = {
			isa = PBXFrameworksBuildPhase;
			buildActionMask = 2147483647;
			files = (
			);
			runOnlyForDeploymentPostprocessing = 0;
		};
/* End PBXFrameworksBuildPhase section */

/* Begin PBXGroup section */
		6080C9B91D585C62001DDE4F = {
			isa = PBXGroup;
			children = (
				6080C9C41D585C62001DDE4F /* Demo */,
				6080C9DE1D585C62001DDE4F /* DemoTests */,
				6080C9E91D585C62001DDE4F /* DemoUITests */,
				6080C9C31D585C62001DDE4F /* Products */,
			);
			sourceTree = "<group>";
		};
		6080C9C31D585C62001DDE4F /* Products */ = {
			isa = PBXGroup;
			children = (
				6080C9C21D585C62001DDE4F /* Demo.app */,
				6080C9DB1D585C62001DDE4F /* DemoTests.xctest */,
				6080C9E61D585C62001DDE4F /* DemoUITests.xctest */,
			);
			name = Products;
			sourceTree = "<group>";
		};
		6080C9C41D585C62001DDE4F /* Demo */ = {
			isa = PBXGroup;
			children = (
				6080CA121D587FE2001DDE4F /* DYYFloatWindow */,
				6080C9FF1D586128001DDE4F /* resource */,
				6080C9C81D585C62001DDE4F /* AppDelegate.h */,
				6080C9C91D585C62001DDE4F /* AppDelegate.m */,
				6080C9CB1D585C62001DDE4F /* ViewController.h */,
				6080C9CC1D585C62001DDE4F /* ViewController.m */,
				6080C9CE1D585C62001DDE4F /* Main.storyboard */,
				6080C9D11D585C62001DDE4F /* Assets.xcassets */,
				6080C9D31D585C62001DDE4F /* LaunchScreen.storyboard */,
				6080C9D61D585C62001DDE4F /* Info.plist */,
				6080C9C51D585C62001DDE4F /* Supporting Files */,
			);
			path = Demo;
			sourceTree = "<group>";
		};
		6080C9C51D585C62001DDE4F /* Supporting Files */ = {
			isa = PBXGroup;
			children = (
				6080C9C61D585C62001DDE4F /* main.m */,
			);
			name = "Supporting Files";
			sourceTree = "<group>";
		};
		6080C9DE1D585C62001DDE4F /* DemoTests */ = {
			isa = PBXGroup;
			children = (
				6080C9DF1D585C62001DDE4F /* DemoTests.m */,
				6080C9E11D585C62001DDE4F /* Info.plist */,
			);
			path = DemoTests;
			sourceTree = "<group>";
		};
		6080C9E91D585C62001DDE4F /* DemoUITests */ = {
			isa = PBXGroup;
			children = (
				6080C9EA1D585C62001DDE4F /* DemoUITests.m */,
				6080C9EC1D585C62001DDE4F /* Info.plist */,
			);
			path = DemoUITests;
			sourceTree = "<group>";
		};
		6080C9FF1D586128001DDE4F /* resource */ = {
			isa = PBXGroup;
			children = (
				6080CA001D586128001DDE4F /* a.jpg */,
				6080CA0A1D5865EE001DDE4F /* z.png */,
				6080CA011D586128001DDE4F /* ccc.png */,
				6080CA021D586128001DDE4F /* ddd.png */,
				6080CA031D586128001DDE4F /* eee.png */,
				6080CA041D586128001DDE4F /* fff.png */,
			);
			path = resource;
			sourceTree = "<group>";
		};
		6080CA121D587FE2001DDE4F /* DYYFloatWindow */ = {
			isa = PBXGroup;
			children = (
				6080CA131D587FE2001DDE4F /* DYYFloatWindow.h */,
				6080CA141D587FE2001DDE4F /* DYYFloatWindow.m */,
			);
			path = DYYFloatWindow;
			sourceTree = SOURCE_ROOT;
		};
/* End PBXGroup section */

/* Begin PBXNativeTarget section */
		6080C9C11D585C62001DDE4F /* Demo */ = {
			isa = PBXNativeTarget;
			buildConfigurationList = 6080C9EF1D585C62001DDE4F /* Build configuration list for PBXNativeTarget "Demo" */;
			buildPhases = (
				6080C9BE1D585C62001DDE4F /* Sources */,
				6080C9BF1D585C62001DDE4F /* Frameworks */,
				6080C9C01D585C62001DDE4F /* Resources */,
			);
			buildRules = (
			);
			dependencies = (
			);
			name = Demo;
			productName = Demo;
			productReference = 6080C9C21D585C62001DDE4F /* Demo.app */;
			productType = "com.apple.product-type.application";
		};
		6080C9DA1D585C62001DDE4F /* DemoTests */ = {
			isa = PBXNativeTarget;
			buildConfigurationList = 6080C9F21D585C62001DDE4F /* Build configuration list for PBXNativeTarget "DemoTests" */;
			buildPhases = (
				6080C9D71D585C62001DDE4F /* Sources */,
				6080C9D81D585C62001DDE4F /* Frameworks */,
				6080C9D91D585C62001DDE4F /* Resources */,
			);
			buildRules = (
			);
			dependencies = (
				6080C9DD1D585C62001DDE4F /* PBXTargetDependency */,
			);
			name = DemoTests;
			productName = DemoTests;
			productReference = 6080C9DB1D585C62001DDE4F /* DemoTests.xctest */;
			productType = "com.apple.product-type.bundle.unit-test";
		};
		6080C9E51D585C62001DDE4F /* DemoUITests */ = {
			isa = PBXNativeTarget;
			buildConfigurationList = 6080C9F51D585C62001DDE4F /* Build configuration list for PBXNativeTarget "DemoUITests" */;
			buildPhases = (
				6080C9E21D585C62001DDE4F /* Sources */,
				6080C9E31D585C62001DDE4F /* Frameworks */,
				6080C9E41D585C62001DDE4F /* Resources */,
			);
			buildRules = (
			);
			dependencies = (
				6080C9E81D585C62001DDE4F /* PBXTargetDependency */,
			);
			name = DemoUITests;
			productName = DemoUITests;
			productReference = 6080C9E61D585C62001DDE4F /* DemoUITests.xctest */;
			productType = "com.apple.product-type.bundle.ui-testing";
		};
/* End PBXNativeTarget section */

/* Begin PBXProject section */
		6080C9BA1D585C62001DDE4F /* Project object */ = {
			isa = PBXProject;
			attributes = {
				LastUpgradeCheck = 0720;
				ORGANIZATIONNAME = dyy;
				TargetAttributes = {
					6080C9C11D585C62001DDE4F = {
						CreatedOnToolsVersion = 7.2.1;
					};
					6080C9DA1D585C62001DDE4F = {
						CreatedOnToolsVersion = 7.2.1;
						TestTargetID = 6080C9C11D585C62001DDE4F;
					};
					6080C9E51D585C62001DDE4F = {
						CreatedOnToolsVersion = 7.2.1;
						TestTargetID = 6080C9C11D585C62001DDE4F;
					};
				};
			};
			buildConfigurationList = 6080C9BD1D585C62001DDE4F /* Build configuration list for PBXProject "Demo" */;
			compatibilityVersion = "Xcode 3.2";
			developmentRegion = English;
			hasScannedForEncodings = 0;
			knownRegions = (
				en,
				Base,
			);
			mainGroup = 6080C9B91D585C62001DDE4F;
			productRefGroup = 6080C9C31D585C62001DDE4F /* Products */;
			projectDirPath = "";
			projectRoot = "";
			targets = (
				6080C9C11D585C62001DDE4F /* Demo */,
				6080C9DA1D585C62001DDE4F /* DemoTests */,
				6080C9E51D585C62001DDE4F /* DemoUITests */,
			);
		};
/* End PBXProject section */

/* Begin PBXResourcesBuildPhase section */
		6080C9C01D585C62001DDE4F /* Resources */ = {
			isa = PBXResourcesBuildPhase;
			buildActionMask = 2147483647;
			files = (
				6080CA071D586128001DDE4F /* ddd.png in Resources */,
				6080C9D51D585C62001DDE4F /* LaunchScreen.storyboard in Resources */,
				6080CA051D586128001DDE4F /* a.jpg in Resources */,
				6080C9D21D585C62001DDE4F /* Assets.xcassets in Resources */,
				6080CA091D586128001DDE4F /* fff.png in Resources */,
				6080CA061D586128001DDE4F /* ccc.png in Resources */,
				6080CA0B1D5865EE001DDE4F /* z.png in Resources */,
				6080C9D01D585C62001DDE4F /* Main.storyboard in Resources */,
				6080CA081D586128001DDE4F /* eee.png in Resources */,
			);
			runOnlyForDeploymentPostprocessing = 0;
		};
		6080C9D91D585C62001DDE4F /* Resources */ = {
			isa = PBXResourcesBuildPhase;
			buildActionMask = 2147483647;
			files = (
			);
			runOnlyForDeploymentPostprocessing = 0;
		};
		6080C9E41D585C62001DDE4F /* Resources */ = {
			isa = PBXResourcesBuildPhase;
			buildActionMask = 2147483647;
			files = (
			);
			runOnlyForDeploymentPostprocessing = 0;
		};
/* End PBXResourcesBuildPhase section */

/* Begin PBXSourcesBuildPhase section */
		6080C9BE1D585C62001DDE4F /* Sources */ = {
			isa = PBXSourcesBuildPhase;
			buildActionMask = 2147483647;
			files = (
				6080C9CD1D585C62001DDE4F /* ViewController.m in Sources */,
				6080C9CA1D585C62001DDE4F /* AppDelegate.m in Sources */,
				6080C9C71D585C62001DDE4F /* main.m in Sources */,
				6080CA151D587FE2001DDE4F /* DYYFloatWindow.m in Sources */,
			);
			runOnlyForDeploymentPostprocessing = 0;
		};
		6080C9D71D585C62001DDE4F /* Sources */ = {
			isa = PBXSourcesBuildPhase;
			buildActionMask = 2147483647;
			files = (
				6080C9E01D585C62001DDE4F /* DemoTests.m in Sources */,
			);
			runOnlyForDeploymentPostprocessing = 0;
		};
		6080C9E21D585C62001DDE4F /* Sources */ = {
			isa = PBXSourcesBuildPhase;
			buildActionMask = 2147483647;
			files = (
				6080C9EB1D585C62001DDE4F /* DemoUITests.m in Sources */,
			);
			runOnlyForDeploymentPostprocessing = 0;
		};
/* End PBXSourcesBuildPhase section */

/* Begin PBXTargetDependency section */
		6080C9DD1D585C62001DDE4F /* PBXTargetDependency */ = {
			isa = PBXTargetDependency;
			target = 6080C9C11D585C62001DDE4F /* Demo */;
			targetProxy = 6080C9DC1D585C62001DDE4F /* PBXContainerItemProxy */;
		};
		6080C9E81D585C62001DDE4F /* PBXTargetDependency */ = {
			isa = PBXTargetDependency;
			target = 6080C9C11D585C62001DDE4F /* Demo */;
			targetProxy = 6080C9E71D585C62001DDE4F /* PBXContainerItemProxy */;
		};
/* End PBXTargetDependency section */

/* Begin PBXVariantGroup section */
		6080C9CE1D585C62001DDE4F /* Main.storyboard */ = {
			isa = PBXVariantGroup;
			children = (
				6080C9CF1D585C62001DDE4F /* Base */,
			);
			name = Main.storyboard;
			sourceTree = "<group>";
		};
		6080C9D31D585C62001DDE4F /* LaunchScreen.storyboard */ = {
			isa = PBXVariantGroup;
			children = (
				6080C9D41D585C62001DDE4F /* Base */,
			);
			name = LaunchScreen.storyboard;
			sourceTree = "<group>";
		};
/* End PBXVariantGroup section */

/* Begin XCBuildConfiguration section */
		6080C9ED1D585C62001DDE4F /* Debug */ = {
			isa = XCBuildConfiguration;
			buildSettings = {
				ALWAYS_SEARCH_USER_PATHS = NO;
				CLANG_CXX_LANGUAGE_STANDARD = "gnu++0x";
				CLANG_CXX_LIBRARY = "libc++";
				CLANG_ENABLE_MODULES = YES;
				CLANG_ENABLE_OBJC_ARC = YES;
				CLANG_WARN_BOOL_CONVERSION = YES;
				CLANG_WARN_CONSTANT_CONVERSION = YES;
				CLANG_WARN_DIRECT_OBJC_ISA_USAGE = YES_ERROR;
				CLANG_WARN_EMPTY_BODY = YES;
				CLANG_WARN_ENUM_CONVERSION = YES;
				CLANG_WARN_INT_CONVERSION = YES;
				CLANG_WARN_OBJC_ROOT_CLASS = YES_ERROR;
				CLANG_WARN_UNREACHABLE_CODE = YES;
				CLANG_WARN__DUPLICATE_METHOD_MATCH = YES;
				"CODE_SIGN_IDENTITY[sdk=iphoneos*]" = "iPhone Developer";
				COPY_PHASE_STRIP = NO;
				DEBUG_INFORMATION_FORMAT = dwarf;
				ENABLE_STRICT_OBJC_MSGSEND = YES;
				ENABLE_TESTABILITY = YES;
				GCC_C_LANGUAGE_STANDARD = gnu99;
				GCC_DYNAMIC_NO_PIC = NO;
				GCC_NO_COMMON_BLOCKS = YES;
				GCC_OPTIMIZATION_LEVEL = 0;
				GCC_PREPROCESSOR_DEFINITIONS = (
					"DEBUG=1",
					"$(inherited)",
				);
				GCC_WARN_64_TO_32_BIT_CONVERSION = YES;
				GCC_WARN_ABOUT_RETURN_TYPE = YES_ERROR;
				GCC_WARN_UNDECLARED_SELECTOR = YES;
				GCC_WARN_UNINITIALIZED_AUTOS = YES_AGGRESSIVE;
				GCC_WARN_UNUSED_FUNCTION = YES;
				GCC_WARN_UNUSED_VARIABLE = YES;
				IPHONEOS_DEPLOYMENT_TARGET = 9.2;
				MTL_ENABLE_DEBUG_INFO = YES;
				ONLY_ACTIVE_ARCH = YES;
				SDKROOT = iphoneos;
				TARGETED_DEVICE_FAMILY = "1,2";
			};
			name = Debug;
		};
		6080C9EE1D585C62001DDE4F /* Release */ = {
			isa = XCBuildConfiguration;
			buildSettings = {
				ALWAYS_SEARCH_USER_PATHS = NO;
				CLANG_CXX_LANGUAGE_STANDARD = "gnu++0x";
				CLANG_CXX_LIBRARY = "libc++";
				CLANG_ENABLE_MODULES = YES;
				CLANG_ENABLE_OBJC_ARC = YES;
				CLANG_WARN_BOOL_CONVERSION = YES;
				CLANG_WARN_CONSTANT_CONVERSION = YES;
				CLANG_WARN_DIRECT_OBJC_ISA_USAGE = YES_ERROR;
				CLANG_WARN_EMPTY_BODY = YES;
				CLANG_WARN_ENUM_CONVERSION = YES;
				CLANG_WARN_INT_CONVERSION = YES;
				CLANG_WARN_OBJC_ROOT_CLASS = YES_ERROR;
				CLANG_WARN_UNREACHABLE_CODE = YES;
				CLANG_WARN__DUPLICATE_METHOD_MATCH = YES;
				"CODE_SIGN_IDENTITY[sdk=iphoneos*]" = "iPhone Developer";
				COPY_PHASE_STRIP = NO;
				DEBUG_INFORMATION_FORMAT = "dwarf-with-dsym";
				ENABLE_NS_ASSERTIONS = NO;
				ENABLE_STRICT_OBJC_MSGSEND = YES;
				GCC_C_LANGUAGE_STANDARD = gnu99;
				GCC_NO_COMMON_BLOCKS = YES;
				GCC_WARN_64_TO_32_BIT_CONVERSION = YES;
				GCC_WARN_ABOUT_RETURN_TYPE = YES_ERROR;
				GCC_WARN_UNDECLARED_SELECTOR = YES;
				GCC_WARN_UNINITIALIZED_AUTOS = YES_AGGRESSIVE;
				GCC_WARN_UNUSED_FUNCTION = YES;
				GCC_WARN_UNUSED_VARIABLE = YES;
				IPHONEOS_DEPLOYMENT_TARGET = 9.2;
				MTL_ENABLE_DEBUG_INFO = NO;
				SDKROOT = iphoneos;
				TARGETED_DEVICE_FAMILY = "1,2";
				VALIDATE_PRODUCT = YES;
			};
			name = Release;
		};
		6080C9F01D585C62001DDE4F /* Debug */ = {
			isa = XCBuildConfiguration;
			buildSettings = {
				ASSETCATALOG_COMPILER_APPICON_NAME = AppIcon;
				INFOPLIST_FILE = Demo/Info.plist;
				LD_RUNPATH_SEARCH_PATHS = "$(inherited) @executable_path/Frameworks";
				PRODUCT_BUNDLE_IDENTIFIER = com.test.Demo;
				PRODUCT_NAME = "$(TARGET_NAME)";
			};
			name = Debug;
		};
		6080C9F11D585C62001DDE4F /* Release */ = {
			isa = XCBuildConfiguration;
			buildSettings = {
				ASSETCATALOG_COMPILER_APPICON_NAME = AppIcon;
				INFOPLIST_FILE = Demo/Info.plist;
				LD_RUNPATH_SEARCH_PATHS = "$(inherited) @executable_path/Frameworks";
				PRODUCT_BUNDLE_IDENTIFIER = com.test.Demo;
				PRODUCT_NAME = "$(TARGET_NAME)";
			};
			name = Release;
		};
		6080C9F31D585C62001DDE4F /* Debug */ = {
			isa = XCBuildConfiguration;
			buildSettings = {
				BUNDLE_LOADER = "$(TEST_HOST)";
				INFOPLIST_FILE = DemoTests/Info.plist;
				LD_RUNPATH_SEARCH_PATHS = "$(inherited) @executable_path/Frameworks @loader_path/Frameworks";
				PRODUCT_BUNDLE_IDENTIFIER = com.test.DemoTests;
				PRODUCT_NAME = "$(TARGET_NAME)";
				TEST_HOST = "$(BUILT_PRODUCTS_DIR)/Demo.app/Demo";
			};
			name = Debug;
		};
		6080C9F41D585C62001DDE4F /* Release */ = {
			isa = XCBuildConfiguration;
			buildSettings = {
				BUNDLE_LOADER = "$(TEST_HOST)";
				INFOPLIST_FILE = DemoTests/Info.plist;
				LD_RUNPATH_SEARCH_PATHS = "$(inherited) @executable_path/Frameworks @loader_path/Frameworks";
				PRODUCT_BUNDLE_IDENTIFIER = com.test.DemoTests;
				PRODUCT_NAME = "$(TARGET_NAME)";
				TEST_HOST = "$(BUILT_PRODUCTS_DIR)/Demo.app/Demo";
			};
			name = Release;
		};
		6080C9F61D585C62001DDE4F /* Debug */ = {
			isa = XCBuildConfiguration;
			buildSettings = {
				INFOPLIST_FILE = DemoUITests/Info.plist;
				LD_RUNPATH_SEARCH_PATHS = "$(inherited) @executable_path/Frameworks @loader_path/Frameworks";
				PRODUCT_BUNDLE_IDENTIFIER = com.test.DemoUITests;
				PRODUCT_NAME = "$(TARGET_NAME)";
				TEST_TARGET_NAME = Demo;
				USES_XCTRUNNER = YES;
			};
			name = Debug;
		};
		6080C9F71D585C62001DDE4F /* Release */ = {
			isa = XCBuildConfiguration;
			buildSettings = {
				INFOPLIST_FILE = DemoUITests/Info.plist;
				LD_RUNPATH_SEARCH_PATHS = "$(inherited) @executable_path/Frameworks @loader_path/Frameworks";
				PRODUCT_BUNDLE_IDENTIFIER = com.test.DemoUITests;
				PRODUCT_NAME = "$(TARGET_NAME)";
				TEST_TARGET_NAME = Demo;
				USES_XCTRUNNER = YES;
			};
			name = Release;
		};
/* End XCBuildConfiguration section */

/* Begin XCConfigurationList section */
		6080C9BD1D585C62001DDE4F /* Build configuration list for PBXProject "Demo" */ = {
			isa = XCConfigurationList;
			buildConfigurations = (
				6080C9ED1D585C62001DDE4F /* Debug */,
				6080C9EE1D585C62001DDE4F /* Release */,
			);
			defaultConfigurationIsVisible = 0;
			defaultConfigurationName = Release;
		};
		6080C9EF1D585C62001DDE4F /* Build configuration list for PBXNativeTarget "Demo" */ = {
			isa = XCConfigurationList;
			buildConfigurations = (
				6080C9F01D585C62001DDE4F /* Debug */,
				6080C9F11D585C62001DDE4F /* Release */,
			);
			defaultConfigurationIsVisible = 0;
			defaultConfigurationName = Release;
		};
		6080C9F21D585C62001DDE4F /* Build configuration list for PBXNativeTarget "DemoTests" */ = {
			isa = XCConfigurationList;
			buildConfigurations = (
				6080C9F31D585C62001DDE4F /* Debug */,
				6080C9F41D585C62001DDE4F /* Release */,
			);
			defaultConfigurationIsVisible = 0;
			defaultConfigurationName = Release;
		};
		6080C9F51D585C62001DDE4F /* Build configuration list for PBXNativeTarget "DemoUITests" */ = {
			isa = XCConfigurationList;
			buildConfigurations = (
				6080C9F61D585C62001DDE4F /* Debug */,
				6080C9F71D585C62001DDE4F /* Release */,
			);
			defaultConfigurationIsVisible = 0;
			defaultConfigurationName = Release;
		};
/* End XCConfigurationList section */
	};
	rootObject = 6080C9BA1D585C62001DDE4F /* Project object */;
}
